
Microsoft Visual Studio Solution File, Format Version 12.00
# Visual Studio Version 17
VisualStudioVersion = 17.11.35303.130
MinimumVisualStudioVersion = 10.0.40219.1
Project("{FAE04EC0-301F-11D3-BF4B-00C04F79EFBC}") = "hotel managment system", "hotel managment system\hotel managment system.csproj", "{C093168F-68B4-4E6E-8C8A-DB6EE89F9BE7}"
EndProject
Global
	GlobalSection(SolutionConfigurationPlatforms) = preSolution
		Debug|Any CPU = Debug|Any CPU
		Release|Any CPU = Release|Any CPU
	EndGlobalSection
	GlobalSection(ProjectConfigurationPlatforms) = postSolution
		{C093168F-68B4-4E6E-8C8A-DB6EE89F9BE7}.Debug|Any CPU.ActiveCfg = Debug|Any CPU
		{C093168F-68B4-4E6E-8C8A-DB6EE89F9BE7}.Debug|Any CPU.Build.0 = Debug|Any CPU
		{C093168F-68B4-4E6E-8C8A-DB6EE89F9BE7}.Release|Any CPU.ActiveCfg = Release|Any CPU
		{C093168F-68B4-4E6E-8C8A-DB6EE89F9BE7}.Release|Any CPU.Build.0 = Release|Any CPU
	EndGlobalSection
	GlobalSection(SolutionProperties) = preSolution
		HideSolutionNode = FALSE
	EndGlobalSection
	GlobalSection(ExtensibilityGlobals) = postSolution
		SolutionGuid = {44844CD2-ED9B-4434-8FDB-5A0FE16BC26F}
	EndGlobalSection
EndGlobal
