
Microsoft Visual Studio Solution File, Format Version 12.00
# Visual Studio Version 17
VisualStudioVersion = 17.11.35303.130
MinimumVisualStudioVersion = 10.0.40219.1
Project("{FAE04EC0-301F-11D3-BF4B-00C04F79EFBC}") = "ticket booking system", "ticket booking system.csproj", "{1DAD77F3-CA0F-40E0-BC65-3E01A7D3AA6C}"
EndProject
Global
	GlobalSection(SolutionConfigurationPlatforms) = preSolution
		Debug|Any CPU = Debug|Any CPU
		Release|Any CPU = Release|Any CPU
	EndGlobalSection
	GlobalSection(ProjectConfigurationPlatforms) = postSolution
		{1DAD77F3-CA0F-40E0-BC65-3E01A7D3AA6C}.Debug|Any CPU.ActiveCfg = Debug|Any CPU
		{1DAD77F3-CA0F-40E0-BC65-3E01A7D3AA6C}.Debug|Any CPU.Build.0 = Debug|Any CPU
		{1DAD77F3-CA0F-40E0-BC65-3E01A7D3AA6C}.Release|Any CPU.ActiveCfg = Release|Any CPU
		{1DAD77F3-CA0F-40E0-BC65-3E01A7D3AA6C}.Release|Any CPU.Build.0 = Release|Any CPU
	EndGlobalSection
	GlobalSection(SolutionProperties) = preSolution
		HideSolutionNode = FALSE
	EndGlobalSection
	GlobalSection(ExtensibilityGlobals) = postSolution
		SolutionGuid = {54A24A70-4500-47B6-A792-A1D56FD4EC49}
	EndGlobalSection
EndGlobal
